// !$*UTF8*$!
{
	archiveVersion = 1;
	classes = {
	};
	objectVersion = 56;
	objects = {

/* Begin PBXBuildFile section */
		3D03264A2A360F3B0095A157 /* Configuaration.swift in Sources */ = {isa = PBXBuildFile; fileRef = 3D0326492A360F3B0095A157 /* Configuaration.swift */; };
		3D03264C2A361A5A0095A157 /* UserDefault+Extensions.swift in Sources */ = {isa = PBXBuildFile; fileRef = 3D03264B2A361A5A0095A157 /* UserDefault+Extensions.swift */; };
		3D03264F2A361B910095A157 /* Double+Extension.swift in Sources */ = {isa = PBXBuildFile; fileRef = 3D03264E2A361B910095A157 /* Double+Extension.swift */; };
		3D0326512A361BD60095A157 /* Strings.swift in Sources */ = {isa = PBXBuildFile; fileRef = 3D0326502A361BD60095A157 /* Strings.swift */; };
		3D0326562A362F610095A157 /* Kingfisher in Frameworks */ = {isa = PBXBuildFile; productRef = 3D0326552A362F610095A157 /* Kingfisher */; };
		3D0326582A363BCE0095A157 /* LocationService.swift in Sources */ = {isa = PBXBuildFile; fileRef = 3D0326572A363BCE0095A157 /* LocationService.swift */; };
		3D8565712A35C8F200F12CCB /* AppDelegate.swift in Sources */ = {isa = PBXBuildFile; fileRef = 3D8565702A35C8F200F12CCB /* AppDelegate.swift */; };
		3D8565732A35C8F200F12CCB /* SceneDelegate.swift in Sources */ = {isa = PBXBuildFile; fileRef = 3D8565722A35C8F200F12CCB /* SceneDelegate.swift */; };
		3D8565752A35C8F200F12CCB /* ViewController.swift in Sources */ = {isa = PBXBuildFile; fileRef = 3D8565742A35C8F200F12CCB /* ViewController.swift */; };
		3D8565782A35C8F200F12CCB /* Main.storyboard in Resources */ = {isa = PBXBuildFile; fileRef = 3D8565762A35C8F200F12CCB /* Main.storyboard */; };
		3D85657A2A35C8F300F12CCB /* Assets.xcassets in Resources */ = {isa = PBXBuildFile; fileRef = 3D8565792A35C8F300F12CCB /* Assets.xcassets */; };
		3D85657D2A35C8F300F12CCB /* LaunchScreen.storyboard in Resources */ = {isa = PBXBuildFile; fileRef = 3D85657B2A35C8F300F12CCB /* LaunchScreen.storyboard */; };
		3D8565882A35C8F300F12CCB /* MWeatherUpTests.swift in Sources */ = {isa = PBXBuildFile; fileRef = 3D8565872A35C8F300F12CCB /* MWeatherUpTests.swift */; };
		3D8565922A35C8F300F12CCB /* MWeatherUpUITests.swift in Sources */ = {isa = PBXBuildFile; fileRef = 3D8565912A35C8F300F12CCB /* MWeatherUpUITests.swift */; };
		3D8565942A35C8F300F12CCB /* MWeatherUpUITestsLaunchTests.swift in Sources */ = {isa = PBXBuildFile; fileRef = 3D8565932A35C8F300F12CCB /* MWeatherUpUITestsLaunchTests.swift */; };
		3D8565A42A35CACE00F12CCB /* OpenWeather.swift in Sources */ = {isa = PBXBuildFile; fileRef = 3D8565A32A35CACE00F12CCB /* OpenWeather.swift */; };
		3DAD482C2A35D21600BD57C9 /* GeoCode.swift in Sources */ = {isa = PBXBuildFile; fileRef = 3DAD482B2A35D21600BD57C9 /* GeoCode.swift */; };
		3DAD482F2A35DFDB00BD57C9 /* OpenWeatherService.swift in Sources */ = {isa = PBXBuildFile; fileRef = 3DAD482E2A35DFDB00BD57C9 /* OpenWeatherService.swift */; };
		3DAD48312A35DFE800BD57C9 /* GeoCodeService.swift in Sources */ = {isa = PBXBuildFile; fileRef = 3DAD48302A35DFE800BD57C9 /* GeoCodeService.swift */; };
		3DAD48332A35E21900BD57C9 /* GeoCodeViewModel.swift in Sources */ = {isa = PBXBuildFile; fileRef = 3DAD48322A35E21900BD57C9 /* GeoCodeViewModel.swift */; };
		5EC016D65B2AC318087C8AB2 /* Pods_MWeatherUp_MWeatherUpUITests.framework in Frameworks */ = {isa = PBXBuildFile; fileRef = 62324DAECF92D14AE716119D /* Pods_MWeatherUp_MWeatherUpUITests.framework */; };
		C3B56533EF438CED4E1B9FCD /* Pods_MWeatherUpTests.framework in Frameworks */ = {isa = PBXBuildFile; fileRef = 4168AD8CBD0D3217FE569154 /* Pods_MWeatherUpTests.framework */; };
		FCA92D0EA12AB804F16B5709 /* Pods_MWeatherUp.framework in Frameworks */ = {isa = PBXBuildFile; fileRef = 1D4E8549D9587CC379112F01 /* Pods_MWeatherUp.framework */; };
/* End PBXBuildFile section */

/* Begin PBXContainerItemProxy section */
		3D8565842A35C8F300F12CCB /* PBXContainerItemProxy */ = {
			isa = PBXContainerItemProxy;
			containerPortal = 3D8565652A35C8F200F12CCB /* Project object */;
			proxyType = 1;
			remoteGlobalIDString = 3D85656C2A35C8F200F12CCB;
			remoteInfo = MWeatherUp;
		};
		3D85658E2A35C8F300F12CCB /* PBXContainerItemProxy */ = {
			isa = PBXContainerItemProxy;
			containerPortal = 3D8565652A35C8F200F12CCB /* Project object */;
			proxyType = 1;
			remoteGlobalIDString = 3D85656C2A35C8F200F12CCB;
			remoteInfo = MWeatherUp;
		};
/* End PBXContainerItemProxy section */

/* Begin PBXFileReference section */
		1D4E8549D9587CC379112F01 /* Pods_MWeatherUp.framework */ = {isa = PBXFileReference; explicitFileType = wrapper.framework; includeInIndex = 0; path = Pods_MWeatherUp.framework; sourceTree = BUILT_PRODUCTS_DIR; };
		2EB84403143BC2405E8E08BE /* Pods-MWeatherUp.debug.xcconfig */ = {isa = PBXFileReference; includeInIndex = 1; lastKnownFileType = text.xcconfig; name = "Pods-MWeatherUp.debug.xcconfig"; path = "Target Support Files/Pods-MWeatherUp/Pods-MWeatherUp.debug.xcconfig"; sourceTree = "<group>"; };
		3D0326492A360F3B0095A157 /* Configuaration.swift */ = {isa = PBXFileReference; lastKnownFileType = sourcecode.swift; path = Configuaration.swift; sourceTree = "<group>"; };
		3D03264B2A361A5A0095A157 /* UserDefault+Extensions.swift */ = {isa = PBXFileReference; lastKnownFileType = sourcecode.swift; path = "UserDefault+Extensions.swift"; sourceTree = "<group>"; };
		3D03264E2A361B910095A157 /* Double+Extension.swift */ = {isa = PBXFileReference; lastKnownFileType = sourcecode.swift; path = "Double+Extension.swift"; sourceTree = "<group>"; };
		3D0326502A361BD60095A157 /* Strings.swift */ = {isa = PBXFileReference; lastKnownFileType = sourcecode.swift; path = Strings.swift; sourceTree = "<group>"; };
		3D0326572A363BCE0095A157 /* LocationService.swift */ = {isa = PBXFileReference; lastKnownFileType = sourcecode.swift; path = LocationService.swift; sourceTree = "<group>"; };
		3D85656D2A35C8F200F12CCB /* MWeatherUp.app */ = {isa = PBXFileReference; explicitFileType = wrapper.application; includeInIndex = 0; path = MWeatherUp.app; sourceTree = BUILT_PRODUCTS_DIR; };
		3D8565702A35C8F200F12CCB /* AppDelegate.swift */ = {isa = PBXFileReference; lastKnownFileType = sourcecode.swift; path = AppDelegate.swift; sourceTree = "<group>"; };
		3D8565722A35C8F200F12CCB /* SceneDelegate.swift */ = {isa = PBXFileReference; lastKnownFileType = sourcecode.swift; path = SceneDelegate.swift; sourceTree = "<group>"; };
		3D8565742A35C8F200F12CCB /* ViewController.swift */ = {isa = PBXFileReference; lastKnownFileType = sourcecode.swift; path = ViewController.swift; sourceTree = "<group>"; };
		3D8565772A35C8F200F12CCB /* Base */ = {isa = PBXFileReference; lastKnownFileType = file.storyboard; name = Base; path = Base.lproj/Main.storyboard; sourceTree = "<group>"; };
		3D8565792A35C8F300F12CCB /* Assets.xcassets */ = {isa = PBXFileReference; lastKnownFileType = folder.assetcatalog; path = Assets.xcassets; sourceTree = "<group>"; };
		3D85657C2A35C8F300F12CCB /* Base */ = {isa = PBXFileReference; lastKnownFileType = file.storyboard; name = Base; path = Base.lproj/LaunchScreen.storyboard; sourceTree = "<group>"; };
		3D85657E2A35C8F300F12CCB /* Info.plist */ = {isa = PBXFileReference; lastKnownFileType = text.plist.xml; path = Info.plist; sourceTree = "<group>"; };
		3D8565832A35C8F300F12CCB /* MWeatherUpTests.xctest */ = {isa = PBXFileReference; explicitFileType = wrapper.cfbundle; includeInIndex = 0; path = MWeatherUpTests.xctest; sourceTree = BUILT_PRODUCTS_DIR; };
		3D8565872A35C8F300F12CCB /* MWeatherUpTests.swift */ = {isa = PBXFileReference; lastKnownFileType = sourcecode.swift; path = MWeatherUpTests.swift; sourceTree = "<group>"; };
		3D85658D2A35C8F300F12CCB /* MWeatherUpUITests.xctest */ = {isa = PBXFileReference; explicitFileType = wrapper.cfbundle; includeInIndex = 0; path = MWeatherUpUITests.xctest; sourceTree = BUILT_PRODUCTS_DIR; };
		3D8565912A35C8F300F12CCB /* MWeatherUpUITests.swift */ = {isa = PBXFileReference; lastKnownFileType = sourcecode.swift; path = MWeatherUpUITests.swift; sourceTree = "<group>"; };
		3D8565932A35C8F300F12CCB /* MWeatherUpUITestsLaunchTests.swift */ = {isa = PBXFileReference; lastKnownFileType = sourcecode.swift; path = MWeatherUpUITestsLaunchTests.swift; sourceTree = "<group>"; };
		3D8565A32A35CACE00F12CCB /* OpenWeather.swift */ = {isa = PBXFileReference; lastKnownFileType = sourcecode.swift; path = OpenWeather.swift; sourceTree = "<group>"; };
		3DAD482B2A35D21600BD57C9 /* GeoCode.swift */ = {isa = PBXFileReference; lastKnownFileType = sourcecode.swift; path = GeoCode.swift; sourceTree = "<group>"; };
		3DAD482E2A35DFDB00BD57C9 /* OpenWeatherService.swift */ = {isa = PBXFileReference; lastKnownFileType = sourcecode.swift; path = OpenWeatherService.swift; sourceTree = "<group>"; };
		3DAD48302A35DFE800BD57C9 /* GeoCodeService.swift */ = {isa = PBXFileReference; lastKnownFileType = sourcecode.swift; path = GeoCodeService.swift; sourceTree = "<group>"; };
		3DAD48322A35E21900BD57C9 /* GeoCodeViewModel.swift */ = {isa = PBXFileReference; lastKnownFileType = sourcecode.swift; path = GeoCodeViewModel.swift; sourceTree = "<group>"; };
		4168AD8CBD0D3217FE569154 /* Pods_MWeatherUpTests.framework */ = {isa = PBXFileReference; explicitFileType = wrapper.framework; includeInIndex = 0; path = Pods_MWeatherUpTests.framework; sourceTree = BUILT_PRODUCTS_DIR; };
		62324DAECF92D14AE716119D /* Pods_MWeatherUp_MWeatherUpUITests.framework */ = {isa = PBXFileReference; explicitFileType = wrapper.framework; includeInIndex = 0; path = Pods_MWeatherUp_MWeatherUpUITests.framework; sourceTree = BUILT_PRODUCTS_DIR; };
		9AB80AF8AD4A8A9D33242E95 /* Pods-MWeatherUp-MWeatherUpUITests.debug.xcconfig */ = {isa = PBXFileReference; includeInIndex = 1; lastKnownFileType = text.xcconfig; name = "Pods-MWeatherUp-MWeatherUpUITests.debug.xcconfig"; path = "Target Support Files/Pods-MWeatherUp-MWeatherUpUITests/Pods-MWeatherUp-MWeatherUpUITests.debug.xcconfig"; sourceTree = "<group>"; };
		9E4BC5DF09DEDD6325792054 /* Pods-MWeatherUp-MWeatherUpUITests.release.xcconfig */ = {isa = PBXFileReference; includeInIndex = 1; lastKnownFileType = text.xcconfig; name = "Pods-MWeatherUp-MWeatherUpUITests.release.xcconfig"; path = "Target Support Files/Pods-MWeatherUp-MWeatherUpUITests/Pods-MWeatherUp-MWeatherUpUITests.release.xcconfig"; sourceTree = "<group>"; };
		B46F47E0C3968D34482B569A /* Pods-MWeatherUpTests.release.xcconfig */ = {isa = PBXFileReference; includeInIndex = 1; lastKnownFileType = text.xcconfig; name = "Pods-MWeatherUpTests.release.xcconfig"; path = "Target Support Files/Pods-MWeatherUpTests/Pods-MWeatherUpTests.release.xcconfig"; sourceTree = "<group>"; };
		D0ED9936D8FDD977CC534715 /* Pods-MWeatherUp.release.xcconfig */ = {isa = PBXFileReference; includeInIndex = 1; lastKnownFileType = text.xcconfig; name = "Pods-MWeatherUp.release.xcconfig"; path = "Target Support Files/Pods-MWeatherUp/Pods-MWeatherUp.release.xcconfig"; sourceTree = "<group>"; };
		FC485F2A1006ED7D2046B27E /* Pods-MWeatherUpTests.debug.xcconfig */ = {isa = PBXFileReference; includeInIndex = 1; lastKnownFileType = text.xcconfig; name = "Pods-MWeatherUpTests.debug.xcconfig"; path = "Target Support Files/Pods-MWeatherUpTests/Pods-MWeatherUpTests.debug.xcconfig"; sourceTree = "<group>"; };
/* End PBXFileReference section */

/* Begin PBXFrameworksBuildPhase section */
		3D85656A2A35C8F200F12CCB /* Frameworks */ = {
			isa = PBXFrameworksBuildPhase;
			buildActionMask = 2147483647;
			files = (
				3D0326562A362F610095A157 /* Kingfisher in Frameworks */,
				FCA92D0EA12AB804F16B5709 /* Pods_MWeatherUp.framework in Frameworks */,
			);
			runOnlyForDeploymentPostprocessing = 0;
		};
		3D8565802A35C8F300F12CCB /* Frameworks */ = {
			isa = PBXFrameworksBuildPhase;
			buildActionMask = 2147483647;
			files = (
				C3B56533EF438CED4E1B9FCD /* Pods_MWeatherUpTests.framework in Frameworks */,
			);
			runOnlyForDeploymentPostprocessing = 0;
		};
		3D85658A2A35C8F300F12CCB /* Frameworks */ = {
			isa = PBXFrameworksBuildPhase;
			buildActionMask = 2147483647;
			files = (
				5EC016D65B2AC318087C8AB2 /* Pods_MWeatherUp_MWeatherUpUITests.framework in Frameworks */,
			);
			runOnlyForDeploymentPostprocessing = 0;
		};
/* End PBXFrameworksBuildPhase section */

/* Begin PBXGroup section */
		3D0326482A360F190095A157 /* Config */ = {
			isa = PBXGroup;
			children = (
				3D0326492A360F3B0095A157 /* Configuaration.swift */,
				3D0326502A361BD60095A157 /* Strings.swift */,
			);
			path = Config;
			sourceTree = "<group>";
		};
		3D03264D2A361A6E0095A157 /* Extension */ = {
			isa = PBXGroup;
			children = (
				3D03264B2A361A5A0095A157 /* UserDefault+Extensions.swift */,
				3D03264E2A361B910095A157 /* Double+Extension.swift */,
			);
			path = Extension;
			sourceTree = "<group>";
		};
		3D8565642A35C8F200F12CCB = {
			isa = PBXGroup;
			children = (
				3D85656F2A35C8F200F12CCB /* MWeatherUp */,
				3D8565862A35C8F300F12CCB /* MWeatherUpTests */,
				3D8565902A35C8F300F12CCB /* MWeatherUpUITests */,
				3D85656E2A35C8F200F12CCB /* Products */,
				4DABCD9C47EF2A26E7CC8DB8 /* Pods */,
				CCD598E2D4443A6A31784AE8 /* Frameworks */,
			);
			sourceTree = "<group>";
		};
		3D85656E2A35C8F200F12CCB /* Products */ = {
			isa = PBXGroup;
			children = (
				3D85656D2A35C8F200F12CCB /* MWeatherUp.app */,
				3D8565832A35C8F300F12CCB /* MWeatherUpTests.xctest */,
				3D85658D2A35C8F300F12CCB /* MWeatherUpUITests.xctest */,
			);
			name = Products;
			sourceTree = "<group>";
		};
		3D85656F2A35C8F200F12CCB /* MWeatherUp */ = {
			isa = PBXGroup;
			children = (
				3D0326482A360F190095A157 /* Config */,
				3DAD482D2A35DFC100BD57C9 /* Services */,
				3D8565A22A35C94B00F12CCB /* Models */,
				3D8565A12A35C93900F12CCB /* Views */,
				3D8565A02A35C92400F12CCB /* ViewModels */,
				3D8565702A35C8F200F12CCB /* AppDelegate.swift */,
				3D8565722A35C8F200F12CCB /* SceneDelegate.swift */,
				3D8565742A35C8F200F12CCB /* ViewController.swift */,
				3D8565762A35C8F200F12CCB /* Main.storyboard */,
				3D8565792A35C8F300F12CCB /* Assets.xcassets */,
				3D85657B2A35C8F300F12CCB /* LaunchScreen.storyboard */,
				3D85657E2A35C8F300F12CCB /* Info.plist */,
				3D03264D2A361A6E0095A157 /* Extension */,
			);
			path = MWeatherUp;
			sourceTree = "<group>";
		};
		3D8565862A35C8F300F12CCB /* MWeatherUpTests */ = {
			isa = PBXGroup;
			children = (
				3D8565872A35C8F300F12CCB /* MWeatherUpTests.swift */,
			);
			path = MWeatherUpTests;
			sourceTree = "<group>";
		};
		3D8565902A35C8F300F12CCB /* MWeatherUpUITests */ = {
			isa = PBXGroup;
			children = (
				3D8565912A35C8F300F12CCB /* MWeatherUpUITests.swift */,
				3D8565932A35C8F300F12CCB /* MWeatherUpUITestsLaunchTests.swift */,
			);
			path = MWeatherUpUITests;
			sourceTree = "<group>";
		};
		3D8565A02A35C92400F12CCB /* ViewModels */ = {
			isa = PBXGroup;
			children = (
				3DAD48322A35E21900BD57C9 /* GeoCodeViewModel.swift */,
			);
			path = ViewModels;
			sourceTree = "<group>";
		};
		3D8565A12A35C93900F12CCB /* Views */ = {
			isa = PBXGroup;
			children = (
			);
			path = Views;
			sourceTree = "<group>";
		};
		3D8565A22A35C94B00F12CCB /* Models */ = {
			isa = PBXGroup;
			children = (
				3D8565A32A35CACE00F12CCB /* OpenWeather.swift */,
				3DAD482B2A35D21600BD57C9 /* GeoCode.swift */,
			);
			path = Models;
			sourceTree = "<group>";
		};
		3DAD482D2A35DFC100BD57C9 /* Services */ = {
			isa = PBXGroup;
			children = (
				3DAD482E2A35DFDB00BD57C9 /* OpenWeatherService.swift */,
				3DAD48302A35DFE800BD57C9 /* GeoCodeService.swift */,
				3D0326572A363BCE0095A157 /* LocationService.swift */,
			);
			path = Services;
			sourceTree = "<group>";
		};
		4DABCD9C47EF2A26E7CC8DB8 /* Pods */ = {
			isa = PBXGroup;
			children = (
				2EB84403143BC2405E8E08BE /* Pods-MWeatherUp.debug.xcconfig */,
				D0ED9936D8FDD977CC534715 /* Pods-MWeatherUp.release.xcconfig */,
				9AB80AF8AD4A8A9D33242E95 /* Pods-MWeatherUp-MWeatherUpUITests.debug.xcconfig */,
				9E4BC5DF09DEDD6325792054 /* Pods-MWeatherUp-MWeatherUpUITests.release.xcconfig */,
				FC485F2A1006ED7D2046B27E /* Pods-MWeatherUpTests.debug.xcconfig */,
				B46F47E0C3968D34482B569A /* Pods-MWeatherUpTests.release.xcconfig */,
			);
			path = Pods;
			sourceTree = "<group>";
		};
		CCD598E2D4443A6A31784AE8 /* Frameworks */ = {
			isa = PBXGroup;
			children = (
				1D4E8549D9587CC379112F01 /* Pods_MWeatherUp.framework */,
				62324DAECF92D14AE716119D /* Pods_MWeatherUp_MWeatherUpUITests.framework */,
				4168AD8CBD0D3217FE569154 /* Pods_MWeatherUpTests.framework */,
			);
			name = Frameworks;
			sourceTree = "<group>";
		};
/* End PBXGroup section */

/* Begin PBXNativeTarget section */
		3D85656C2A35C8F200F12CCB /* MWeatherUp */ = {
			isa = PBXNativeTarget;
			buildConfigurationList = 3D8565972A35C8F300F12CCB /* Build configuration list for PBXNativeTarget "MWeatherUp" */;
			buildPhases = (
				684FF9EBAEE739F7D075DB37 /* [CP] Check Pods Manifest.lock */,
				3D8565692A35C8F200F12CCB /* Sources */,
				3D85656A2A35C8F200F12CCB /* Frameworks */,
				3D85656B2A35C8F200F12CCB /* Resources */,
				13CC1F1066FE9A9DF1356FBB /* [CP] Embed Pods Frameworks */,
			);
			buildRules = (
			);
			dependencies = (
			);
			name = MWeatherUp;
			packageProductDependencies = (
				3D0326552A362F610095A157 /* Kingfisher */,
			);
			productName = MWeatherUp;
			productReference = 3D85656D2A35C8F200F12CCB /* MWeatherUp.app */;
			productType = "com.apple.product-type.application";
		};
		3D8565822A35C8F300F12CCB /* MWeatherUpTests */ = {
			isa = PBXNativeTarget;
			buildConfigurationList = 3D85659A2A35C8F300F12CCB /* Build configuration list for PBXNativeTarget "MWeatherUpTests" */;
			buildPhases = (
				C34BE84B20A50B4C7654FA24 /* [CP] Check Pods Manifest.lock */,
				3D85657F2A35C8F300F12CCB /* Sources */,
				3D8565802A35C8F300F12CCB /* Frameworks */,
				3D8565812A35C8F300F12CCB /* Resources */,
			);
			buildRules = (
			);
			dependencies = (
				3D8565852A35C8F300F12CCB /* PBXTargetDependency */,
			);
			name = MWeatherUpTests;
			productName = MWeatherUpTests;
			productReference = 3D8565832A35C8F300F12CCB /* MWeatherUpTests.xctest */;
			productType = "com.apple.product-type.bundle.unit-test";
		};
		3D85658C2A35C8F300F12CCB /* MWeatherUpUITests */ = {
			isa = PBXNativeTarget;
			buildConfigurationList = 3D85659D2A35C8F300F12CCB /* Build configuration list for PBXNativeTarget "MWeatherUpUITests" */;
			buildPhases = (
				A9D987DCA6262A93F9F7AA13 /* [CP] Check Pods Manifest.lock */,
				3D8565892A35C8F300F12CCB /* Sources */,
				3D85658A2A35C8F300F12CCB /* Frameworks */,
				3D85658B2A35C8F300F12CCB /* Resources */,
				7DB8B0EA3015AD04BD2125FF /* [CP] Embed Pods Frameworks */,
			);
			buildRules = (
			);
			dependencies = (
				3D85658F2A35C8F300F12CCB /* PBXTargetDependency */,
			);
			name = MWeatherUpUITests;
			productName = MWeatherUpUITests;
			productReference = 3D85658D2A35C8F300F12CCB /* MWeatherUpUITests.xctest */;
			productType = "com.apple.product-type.bundle.ui-testing";
		};
/* End PBXNativeTarget section */

/* Begin PBXProject section */
		3D8565652A35C8F200F12CCB /* Project object */ = {
			isa = PBXProject;
			attributes = {
				BuildIndependentTargetsInParallel = 1;
				LastSwiftUpdateCheck = 1430;
				LastUpgradeCheck = 1430;
				TargetAttributes = {
					3D85656C2A35C8F200F12CCB = {
						CreatedOnToolsVersion = 14.3.1;
					};
					3D8565822A35C8F300F12CCB = {
						CreatedOnToolsVersion = 14.3.1;
						TestTargetID = 3D85656C2A35C8F200F12CCB;
					};
					3D85658C2A35C8F300F12CCB = {
						CreatedOnToolsVersion = 14.3.1;
						TestTargetID = 3D85656C2A35C8F200F12CCB;
					};
				};
			};
			buildConfigurationList = 3D8565682A35C8F200F12CCB /* Build configuration list for PBXProject "MWeatherUp" */;
			compatibilityVersion = "Xcode 14.0";
			developmentRegion = en;
			hasScannedForEncodings = 0;
			knownRegions = (
				en,
				Base,
			);
			mainGroup = 3D8565642A35C8F200F12CCB;
			packageReferences = (
				3D0326542A362F610095A157 /* XCRemoteSwiftPackageReference "Kingfisher" */,
			);
			productRefGroup = 3D85656E2A35C8F200F12CCB /* Products */;
			projectDirPath = "";
			projectRoot = "";
			targets = (
				3D85656C2A35C8F200F12CCB /* MWeatherUp */,
				3D8565822A35C8F300F12CCB /* MWeatherUpTests */,
				3D85658C2A35C8F300F12CCB /* MWeatherUpUITests */,
			);
		};
/* End PBXProject section */

/* Begin PBXResourcesBuildPhase section */
		3D85656B2A35C8F200F12CCB /* Resources */ = {
			isa = PBXResourcesBuildPhase;
			buildActionMask = 2147483647;
			files = (
				3D85657D2A35C8F300F12CCB /* LaunchScreen.storyboard in Resources */,
				3D85657A2A35C8F300F12CCB /* Assets.xcassets in Resources */,
				3D8565782A35C8F200F12CCB /* Main.storyboard in Resources */,
			);
			runOnlyForDeploymentPostprocessing = 0;
		};
		3D8565812A35C8F300F12CCB /* Resources */ = {
			isa = PBXResourcesBuildPhase;
			buildActionMask = 2147483647;
			files = (
			);
			runOnlyForDeploymentPostprocessing = 0;
		};
		3D85658B2A35C8F300F12CCB /* Resources */ = {
			isa = PBXResourcesBuildPhase;
			buildActionMask = 2147483647;
			files = (
			);
			runOnlyForDeploymentPostprocessing = 0;
		};
/* End PBXResourcesBuildPhase section */

/* Begin PBXShellScriptBuildPhase section */
		13CC1F1066FE9A9DF1356FBB /* [CP] Embed Pods Frameworks */ = {
			isa = PBXShellScriptBuildPhase;
			buildActionMask = 2147483647;
			files = (
			);
			inputFileListPaths = (
				"${PODS_ROOT}/Target Support Files/Pods-MWeatherUp/Pods-MWeatherUp-frameworks-${CONFIGURATION}-input-files.xcfilelist",
			);
			name = "[CP] Embed Pods Frameworks";
			outputFileListPaths = (
				"${PODS_ROOT}/Target Support Files/Pods-MWeatherUp/Pods-MWeatherUp-frameworks-${CONFIGURATION}-output-files.xcfilelist",
			);
			runOnlyForDeploymentPostprocessing = 0;
			shellPath = /bin/sh;
			shellScript = "\"${PODS_ROOT}/Target Support Files/Pods-MWeatherUp/Pods-MWeatherUp-frameworks.sh\"\n";
			showEnvVarsInLog = 0;
		};
		684FF9EBAEE739F7D075DB37 /* [CP] Check Pods Manifest.lock */ = {
			isa = PBXShellScriptBuildPhase;
			buildActionMask = 2147483647;
			files = (
			);
			inputFileListPaths = (
			);
			inputPaths = (
				"${PODS_PODFILE_DIR_PATH}/Podfile.lock",
				"${PODS_ROOT}/Manifest.lock",
			);
			name = "[CP] Check Pods Manifest.lock";
			outputFileListPaths = (
			);
			outputPaths = (
				"$(DERIVED_FILE_DIR)/Pods-MWeatherUp-checkManifestLockResult.txt",
			);
			runOnlyForDeploymentPostprocessing = 0;
			shellPath = /bin/sh;
			shellScript = "diff \"${PODS_PODFILE_DIR_PATH}/Podfile.lock\" \"${PODS_ROOT}/Manifest.lock\" > /dev/null\nif [ $? != 0 ] ; then\n    # print error to STDERR\n    echo \"error: The sandbox is not in sync with the Podfile.lock. Run 'pod install' or update your CocoaPods installation.\" >&2\n    exit 1\nfi\n# This output is used by Xcode 'outputs' to avoid re-running this script phase.\necho \"SUCCESS\" > \"${SCRIPT_OUTPUT_FILE_0}\"\n";
			showEnvVarsInLog = 0;
		};
		7DB8B0EA3015AD04BD2125FF /* [CP] Embed Pods Frameworks */ = {
			isa = PBXShellScriptBuildPhase;
			buildActionMask = 2147483647;
			files = (
			);
			inputFileListPaths = (
				"${PODS_ROOT}/Target Support Files/Pods-MWeatherUp-MWeatherUpUITests/Pods-MWeatherUp-MWeatherUpUITests-frameworks-${CONFIGURATION}-input-files.xcfilelist",
			);
			name = "[CP] Embed Pods Frameworks";
			outputFileListPaths = (
				"${PODS_ROOT}/Target Support Files/Pods-MWeatherUp-MWeatherUpUITests/Pods-MWeatherUp-MWeatherUpUITests-frameworks-${CONFIGURATION}-output-files.xcfilelist",
			);
			runOnlyForDeploymentPostprocessing = 0;
			shellPath = /bin/sh;
			shellScript = "\"${PODS_ROOT}/Target Support Files/Pods-MWeatherUp-MWeatherUpUITests/Pods-MWeatherUp-MWeatherUpUITests-frameworks.sh\"\n";
			showEnvVarsInLog = 0;
		};
		A9D987DCA6262A93F9F7AA13 /* [CP] Check Pods Manifest.lock */ = {
			isa = PBXShellScriptBuildPhase;
			buildActionMask = 2147483647;
			files = (
			);
			inputFileListPaths = (
			);
			inputPaths = (
				"${PODS_PODFILE_DIR_PATH}/Podfile.lock",
				"${PODS_ROOT}/Manifest.lock",
			);
			name = "[CP] Check Pods Manifest.lock";
			outputFileListPaths = (
			);
			outputPaths = (
				"$(DERIVED_FILE_DIR)/Pods-MWeatherUp-MWeatherUpUITests-checkManifestLockResult.txt",
			);
			runOnlyForDeploymentPostprocessing = 0;
			shellPath = /bin/sh;
			shellScript = "diff \"${PODS_PODFILE_DIR_PATH}/Podfile.lock\" \"${PODS_ROOT}/Manifest.lock\" > /dev/null\nif [ $? != 0 ] ; then\n    # print error to STDERR\n    echo \"error: The sandbox is not in sync with the Podfile.lock. Run 'pod install' or update your CocoaPods installation.\" >&2\n    exit 1\nfi\n# This output is used by Xcode 'outputs' to avoid re-running this script phase.\necho \"SUCCESS\" > \"${SCRIPT_OUTPUT_FILE_0}\"\n";
			showEnvVarsInLog = 0;
		};
		C34BE84B20A50B4C7654FA24 /* [CP] Check Pods Manifest.lock */ = {
			isa = PBXShellScriptBuildPhase;
			buildActionMask = 2147483647;
			files = (
			);
			inputFileListPaths = (
			);
			inputPaths = (
				"${PODS_PODFILE_DIR_PATH}/Podfile.lock",
				"${PODS_ROOT}/Manifest.lock",
			);
			name = "[CP] Check Pods Manifest.lock";
			outputFileListPaths = (
			);
			outputPaths = (
				"$(DERIVED_FILE_DIR)/Pods-MWeatherUpTests-checkManifestLockResult.txt",
			);
			runOnlyForDeploymentPostprocessing = 0;
			shellPath = /bin/sh;
			shellScript = "diff \"${PODS_PODFILE_DIR_PATH}/Podfile.lock\" \"${PODS_ROOT}/Manifest.lock\" > /dev/null\nif [ $? != 0 ] ; then\n    # print error to STDERR\n    echo \"error: The sandbox is not in sync with the Podfile.lock. Run 'pod install' or update your CocoaPods installation.\" >&2\n    exit 1\nfi\n# This output is used by Xcode 'outputs' to avoid re-running this script phase.\necho \"SUCCESS\" > \"${SCRIPT_OUTPUT_FILE_0}\"\n";
			showEnvVarsInLog = 0;
		};
/* End PBXShellScriptBuildPhase section */

/* Begin PBXSourcesBuildPhase section */
		3D8565692A35C8F200F12CCB /* Sources */ = {
			isa = PBXSourcesBuildPhase;
			buildActionMask = 2147483647;
			files = (
				3D03264A2A360F3B0095A157 /* Configuaration.swift in Sources */,
				3DAD48312A35DFE800BD57C9 /* GeoCodeService.swift in Sources */,
				3D8565752A35C8F200F12CCB /* ViewController.swift in Sources */,
				3D8565712A35C8F200F12CCB /* AppDelegate.swift in Sources */,
				3DAD48332A35E21900BD57C9 /* GeoCodeViewModel.swift in Sources */,
				3D03264F2A361B910095A157 /* Double+Extension.swift in Sources */,
				3D03264C2A361A5A0095A157 /* UserDefault+Extensions.swift in Sources */,
				3DAD482F2A35DFDB00BD57C9 /* OpenWeatherService.swift in Sources */,
				3D8565A42A35CACE00F12CCB /* OpenWeather.swift in Sources */,
				3D0326582A363BCE0095A157 /* LocationService.swift in Sources */,
				3DAD482C2A35D21600BD57C9 /* GeoCode.swift in Sources */,
				3D0326512A361BD60095A157 /* Strings.swift in Sources */,
				3D8565732A35C8F200F12CCB /* SceneDelegate.swift in Sources */,
			);
			runOnlyForDeploymentPostprocessing = 0;
		};
		3D85657F2A35C8F300F12CCB /* Sources */ = {
			isa = PBXSourcesBuildPhase;
			buildActionMask = 2147483647;
			files = (
				3D8565882A35C8F300F12CCB /* MWeatherUpTests.swift in Sources */,
			);
			runOnlyForDeploymentPostprocessing = 0;
		};
		3D8565892A35C8F300F12CCB /* Sources */ = {
			isa = PBXSourcesBuildPhase;
			buildActionMask = 2147483647;
			files = (
				3D8565942A35C8F300F12CCB /* MWeatherUpUITestsLaunchTests.swift in Sources */,
				3D8565922A35C8F300F12CCB /* MWeatherUpUITests.swift in Sources */,
			);
			runOnlyForDeploymentPostprocessing = 0;
		};
/* End PBXSourcesBuildPhase section */

/* Begin PBXTargetDependency section */
		3D8565852A35C8F300F12CCB /* PBXTargetDependency */ = {
			isa = PBXTargetDependency;
			target = 3D85656C2A35C8F200F12CCB /* MWeatherUp */;
			targetProxy = 3D8565842A35C8F300F12CCB /* PBXContainerItemProxy */;
		};
		3D85658F2A35C8F300F12CCB /* PBXTargetDependency */ = {
			isa = PBXTargetDependency;
			target = 3D85656C2A35C8F200F12CCB /* MWeatherUp */;
			targetProxy = 3D85658E2A35C8F300F12CCB /* PBXContainerItemProxy */;
		};
/* End PBXTargetDependency section */

/* Begin PBXVariantGroup section */
		3D8565762A35C8F200F12CCB /* Main.storyboard */ = {
			isa = PBXVariantGroup;
			children = (
				3D8565772A35C8F200F12CCB /* Base */,
			);
			name = Main.storyboard;
			sourceTree = "<group>";
		};
		3D85657B2A35C8F300F12CCB /* LaunchScreen.storyboard */ = {
			isa = PBXVariantGroup;
			children = (
				3D85657C2A35C8F300F12CCB /* Base */,
			);
			name = LaunchScreen.storyboard;
			sourceTree = "<group>";
		};
/* End PBXVariantGroup section */

/* Begin XCBuildConfiguration section */
		3D8565952A35C8F300F12CCB /* Debug */ = {
			isa = XCBuildConfiguration;
			buildSettings = {
				ALWAYS_SEARCH_USER_PATHS = NO;
				CLANG_ANALYZER_NONNULL = YES;
				CLANG_ANALYZER_NUMBER_OBJECT_CONVERSION = YES_AGGRESSIVE;
				CLANG_CXX_LANGUAGE_STANDARD = "gnu++20";
				CLANG_ENABLE_MODULES = YES;
				CLANG_ENABLE_OBJC_ARC = YES;
				CLANG_ENABLE_OBJC_WEAK = YES;
				CLANG_WARN_BLOCK_CAPTURE_AUTORELEASING = YES;
				CLANG_WARN_BOOL_CONVERSION = YES;
				CLANG_WARN_COMMA = YES;
				CLANG_WARN_CONSTANT_CONVERSION = YES;
				CLANG_WARN_DEPRECATED_OBJC_IMPLEMENTATIONS = YES;
				CLANG_WARN_DIRECT_OBJC_ISA_USAGE = YES_ERROR;
				CLANG_WARN_DOCUMENTATION_COMMENTS = YES;
				CLANG_WARN_EMPTY_BODY = YES;
				CLANG_WARN_ENUM_CONVERSION = YES;
				CLANG_WARN_INFINITE_RECURSION = YES;
				CLANG_WARN_INT_CONVERSION = YES;
				CLANG_WARN_NON_LITERAL_NULL_CONVERSION = YES;
				CLANG_WARN_OBJC_IMPLICIT_RETAIN_SELF = YES;
				CLANG_WARN_OBJC_LITERAL_CONVERSION = YES;
				CLANG_WARN_OBJC_ROOT_CLASS = YES_ERROR;
				CLANG_WARN_QUOTED_INCLUDE_IN_FRAMEWORK_HEADER = YES;
				CLANG_WARN_RANGE_LOOP_ANALYSIS = YES;
				CLANG_WARN_STRICT_PROTOTYPES = YES;
				CLANG_WARN_SUSPICIOUS_MOVE = YES;
				CLANG_WARN_UNGUARDED_AVAILABILITY = YES_AGGRESSIVE;
				CLANG_WARN_UNREACHABLE_CODE = YES;
				CLANG_WARN__DUPLICATE_METHOD_MATCH = YES;
				COPY_PHASE_STRIP = NO;
				DEBUG_INFORMATION_FORMAT = dwarf;
				ENABLE_STRICT_OBJC_MSGSEND = YES;
				ENABLE_TESTABILITY = YES;
				GCC_C_LANGUAGE_STANDARD = gnu11;
				GCC_DYNAMIC_NO_PIC = NO;
				GCC_NO_COMMON_BLOCKS = YES;
				GCC_OPTIMIZATION_LEVEL = 0;
				GCC_PREPROCESSOR_DEFINITIONS = (
					"DEBUG=1",
					"$(inherited)",
				);
				GCC_WARN_64_TO_32_BIT_CONVERSION = YES;
				GCC_WARN_ABOUT_RETURN_TYPE = YES_ERROR;
				GCC_WARN_UNDECLARED_SELECTOR = YES;
				GCC_WARN_UNINITIALIZED_AUTOS = YES_AGGRESSIVE;
				GCC_WARN_UNUSED_FUNCTION = YES;
				GCC_WARN_UNUSED_VARIABLE = YES;
				IPHONEOS_DEPLOYMENT_TARGET = 16.4;
				MTL_ENABLE_DEBUG_INFO = INCLUDE_SOURCE;
				MTL_FAST_MATH = YES;
				ONLY_ACTIVE_ARCH = YES;
				SDKROOT = iphoneos;
				SWIFT_ACTIVE_COMPILATION_CONDITIONS = DEBUG;
				SWIFT_OPTIMIZATION_LEVEL = "-Onone";
			};
			name = Debug;
		};
		3D8565962A35C8F300F12CCB /* Release */ = {
			isa = XCBuildConfiguration;
			buildSettings = {
				ALWAYS_SEARCH_USER_PATHS = NO;
				CLANG_ANALYZER_NONNULL = YES;
				CLANG_ANALYZER_NUMBER_OBJECT_CONVERSION = YES_AGGRESSIVE;
				CLANG_CXX_LANGUAGE_STANDARD = "gnu++20";
				CLANG_ENABLE_MODULES = YES;
				CLANG_ENABLE_OBJC_ARC = YES;
				CLANG_ENABLE_OBJC_WEAK = YES;
				CLANG_WARN_BLOCK_CAPTURE_AUTORELEASING = YES;
				CLANG_WARN_BOOL_CONVERSION = YES;
				CLANG_WARN_COMMA = YES;
				CLANG_WARN_CONSTANT_CONVERSION = YES;
				CLANG_WARN_DEPRECATED_OBJC_IMPLEMENTATIONS = YES;
				CLANG_WARN_DIRECT_OBJC_ISA_USAGE = YES_ERROR;
				CLANG_WARN_DOCUMENTATION_COMMENTS = YES;
				CLANG_WARN_EMPTY_BODY = YES;
				CLANG_WARN_ENUM_CONVERSION = YES;
				CLANG_WARN_INFINITE_RECURSION = YES;
				CLANG_WARN_INT_CONVERSION = YES;
				CLANG_WARN_NON_LITERAL_NULL_CONVERSION = YES;
				CLANG_WARN_OBJC_IMPLICIT_RETAIN_SELF = YES;
				CLANG_WARN_OBJC_LITERAL_CONVERSION = YES;
				CLANG_WARN_OBJC_ROOT_CLASS = YES_ERROR;
				CLANG_WARN_QUOTED_INCLUDE_IN_FRAMEWORK_HEADER = YES;
				CLANG_WARN_RANGE_LOOP_ANALYSIS = YES;
				CLANG_WARN_STRICT_PROTOTYPES = YES;
				CLANG_WARN_SUSPICIOUS_MOVE = YES;
				CLANG_WARN_UNGUARDED_AVAILABILITY = YES_AGGRESSIVE;
				CLANG_WARN_UNREACHABLE_CODE = YES;
				CLANG_WARN__DUPLICATE_METHOD_MATCH = YES;
				COPY_PHASE_STRIP = NO;
				DEBUG_INFORMATION_FORMAT = "dwarf-with-dsym";
				ENABLE_NS_ASSERTIONS = NO;
				ENABLE_STRICT_OBJC_MSGSEND = YES;
				GCC_C_LANGUAGE_STANDARD = gnu11;
				GCC_NO_COMMON_BLOCKS = YES;
				GCC_WARN_64_TO_32_BIT_CONVERSION = YES;
				GCC_WARN_ABOUT_RETURN_TYPE = YES_ERROR;
				GCC_WARN_UNDECLARED_SELECTOR = YES;
				GCC_WARN_UNINITIALIZED_AUTOS = YES_AGGRESSIVE;
				GCC_WARN_UNUSED_FUNCTION = YES;
				GCC_WARN_UNUSED_VARIABLE = YES;
				IPHONEOS_DEPLOYMENT_TARGET = 16.4;
				MTL_ENABLE_DEBUG_INFO = NO;
				MTL_FAST_MATH = YES;
				SDKROOT = iphoneos;
				SWIFT_COMPILATION_MODE = wholemodule;
				SWIFT_OPTIMIZATION_LEVEL = "-O";
				VALIDATE_PRODUCT = YES;
			};
			name = Release;
		};
		3D8565982A35C8F300F12CCB /* Debug */ = {
			isa = XCBuildConfiguration;
			baseConfigurationReference = 2EB84403143BC2405E8E08BE /* Pods-MWeatherUp.debug.xcconfig */;
			buildSettings = {
				ASSETCATALOG_COMPILER_APPICON_NAME = AppIcon;
				ASSETCATALOG_COMPILER_GLOBAL_ACCENT_COLOR_NAME = AccentColor;
				CODE_SIGN_STYLE = Automatic;
				CURRENT_PROJECT_VERSION = 1;
				DEVELOPMENT_TEAM = LNFJN2299H;
				GENERATE_INFOPLIST_FILE = YES;
				INFOPLIST_FILE = MWeatherUp/Info.plist;
				INFOPLIST_KEY_UIApplicationSupportsIndirectInputEvents = YES;
				INFOPLIST_KEY_UILaunchStoryboardName = LaunchScreen;
				INFOPLIST_KEY_UIMainStoryboardFile = Main;
				INFOPLIST_KEY_UISupportedInterfaceOrientations_iPad = "UIInterfaceOrientationPortrait UIInterfaceOrientationPortraitUpsideDown UIInterfaceOrientationLandscapeLeft UIInterfaceOrientationLandscapeRight";
				INFOPLIST_KEY_UISupportedInterfaceOrientations_iPhone = "UIInterfaceOrientationPortrait UIInterfaceOrientationLandscapeLeft UIInterfaceOrientationLandscapeRight";
				LD_RUNPATH_SEARCH_PATHS = (
					"$(inherited)",
					"@executable_path/Frameworks",
				);
				MARKETING_VERSION = 1.0;
				PRODUCT_BUNDLE_IDENTIFIER = nanda.MWeatherUp;
				PRODUCT_NAME = "$(TARGET_NAME)";
				SWIFT_EMIT_LOC_STRINGS = YES;
				SWIFT_VERSION = 5.0;
				TARGETED_DEVICE_FAMILY = "1,2";
			};
			name = Debug;
		};
		3D8565992A35C8F300F12CCB /* Release */ = {
			isa = XCBuildConfiguration;
			baseConfigurationReference = D0ED9936D8FDD977CC534715 /* Pods-MWeatherUp.release.xcconfig */;
			buildSettings = {
				ASSETCATALOG_COMPILER_APPICON_NAME = AppIcon;
				ASSETCATALOG_COMPILER_GLOBAL_ACCENT_COLOR_NAME = AccentColor;
				CODE_SIGN_STYLE = Automatic;
				CURRENT_PROJECT_VERSION = 1;
				DEVELOPMENT_TEAM = LNFJN2299H;
				GENERATE_INFOPLIST_FILE = YES;
				INFOPLIST_FILE = MWeatherUp/Info.plist;
				INFOPLIST_KEY_UIApplicationSupportsIndirectInputEvents = YES;
				INFOPLIST_KEY_UILaunchStoryboardName = LaunchScreen;
				INFOPLIST_KEY_UIMainStoryboardFile = Main;
				INFOPLIST_KEY_UISupportedInterfaceOrientations_iPad = "UIInterfaceOrientationPortrait UIInterfaceOrientationPortraitUpsideDown UIInterfaceOrientationLandscapeLeft UIInterfaceOrientationLandscapeRight";
				INFOPLIST_KEY_UISupportedInterfaceOrientations_iPhone = "UIInterfaceOrientationPortrait UIInterfaceOrientationLandscapeLeft UIInterfaceOrientationLandscapeRight";
				LD_RUNPATH_SEARCH_PATHS = (
					"$(inherited)",
					"@executable_path/Frameworks",
				);
				MARKETING_VERSION = 1.0;
				PRODUCT_BUNDLE_IDENTIFIER = nanda.MWeatherUp;
				PRODUCT_NAME = "$(TARGET_NAME)";
				SWIFT_EMIT_LOC_STRINGS = YES;
				SWIFT_VERSION = 5.0;
				TARGETED_DEVICE_FAMILY = "1,2";
			};
			name = Release;
		};
		3D85659B2A35C8F300F12CCB /* Debug */ = {
			isa = XCBuildConfiguration;
			baseConfigurationReference = FC485F2A1006ED7D2046B27E /* Pods-MWeatherUpTests.debug.xcconfig */;
			buildSettings = {
				ALWAYS_EMBED_SWIFT_STANDARD_LIBRARIES = YES;
				BUNDLE_LOADER = "$(TEST_HOST)";
				CODE_SIGN_STYLE = Automatic;
				CURRENT_PROJECT_VERSION = 1;
				DEVELOPMENT_TEAM = LNFJN2299H;
				GENERATE_INFOPLIST_FILE = YES;
				IPHONEOS_DEPLOYMENT_TARGET = 16.4;
				MARKETING_VERSION = 1.0;
				PRODUCT_BUNDLE_IDENTIFIER = nanda.MWeatherUpTests;
				PRODUCT_NAME = "$(TARGET_NAME)";
				SWIFT_EMIT_LOC_STRINGS = NO;
				SWIFT_VERSION = 5.0;
				TARGETED_DEVICE_FAMILY = "1,2";
				TEST_HOST = "$(BUILT_PRODUCTS_DIR)/MWeatherUp.app/$(BUNDLE_EXECUTABLE_FOLDER_PATH)/MWeatherUp";
			};
			name = Debug;
		};
		3D85659C2A35C8F300F12CCB /* Release */ = {
			isa = XCBuildConfiguration;
			baseConfigurationReference = B46F47E0C3968D34482B569A /* Pods-MWeatherUpTests.release.xcconfig */;
			buildSettings = {
				ALWAYS_EMBED_SWIFT_STANDARD_LIBRARIES = YES;
				BUNDLE_LOADER = "$(TEST_HOST)";
				CODE_SIGN_STYLE = Automatic;
				CURRENT_PROJECT_VERSION = 1;
				DEVELOPMENT_TEAM = LNFJN2299H;
				GENERATE_INFOPLIST_FILE = YES;
				IPHONEOS_DEPLOYMENT_TARGET = 16.4;
				MARKETING_VERSION = 1.0;
				PRODUCT_BUNDLE_IDENTIFIER = nanda.MWeatherUpTests;
				PRODUCT_NAME = "$(TARGET_NAME)";
				SWIFT_EMIT_LOC_STRINGS = NO;
				SWIFT_VERSION = 5.0;
				TARGETED_DEVICE_FAMILY = "1,2";
				TEST_HOST = "$(BUILT_PRODUCTS_DIR)/MWeatherUp.app/$(BUNDLE_EXECUTABLE_FOLDER_PATH)/MWeatherUp";
			};
			name = Release;
		};
		3D85659E2A35C8F300F12CCB /* Debug */ = {
			isa = XCBuildConfiguration;
			baseConfigurationReference = 9AB80AF8AD4A8A9D33242E95 /* Pods-MWeatherUp-MWeatherUpUITests.debug.xcconfig */;
			buildSettings = {
				ALWAYS_EMBED_SWIFT_STANDARD_LIBRARIES = YES;
				CODE_SIGN_STYLE = Automatic;
				CURRENT_PROJECT_VERSION = 1;
				DEVELOPMENT_TEAM = LNFJN2299H;
				GENERATE_INFOPLIST_FILE = YES;
				MARKETING_VERSION = 1.0;
				PRODUCT_BUNDLE_IDENTIFIER = nanda.MWeatherUpUITests;
				PRODUCT_NAME = "$(TARGET_NAME)";
				SWIFT_EMIT_LOC_STRINGS = NO;
				SWIFT_VERSION = 5.0;
				TARGETED_DEVICE_FAMILY = "1,2";
				TEST_TARGET_NAME = MWeatherUp;
			};
			name = Debug;
		};
		3D85659F2A35C8F300F12CCB /* Release */ = {
			isa = XCBuildConfiguration;
			baseConfigurationReference = 9E4BC5DF09DEDD6325792054 /* Pods-MWeatherUp-MWeatherUpUITests.release.xcconfig */;
			buildSettings = {
				ALWAYS_EMBED_SWIFT_STANDARD_LIBRARIES = YES;
				CODE_SIGN_STYLE = Automatic;
				CURRENT_PROJECT_VERSION = 1;
				DEVELOPMENT_TEAM = LNFJN2299H;
				GENERATE_INFOPLIST_FILE = YES;
				MARKETING_VERSION = 1.0;
				PRODUCT_BUNDLE_IDENTIFIER = nanda.MWeatherUpUITests;
				PRODUCT_NAME = "$(TARGET_NAME)";
				SWIFT_EMIT_LOC_STRINGS = NO;
				SWIFT_VERSION = 5.0;
				TARGETED_DEVICE_FAMILY = "1,2";
				TEST_TARGET_NAME = MWeatherUp;
			};
			name = Release;
		};
/* End XCBuildConfiguration section */

/* Begin XCConfigurationList section */
		3D8565682A35C8F200F12CCB /* Build configuration list for PBXProject "MWeatherUp" */ = {
			isa = XCConfigurationList;
			buildConfigurations = (
				3D8565952A35C8F300F12CCB /* Debug */,
				3D8565962A35C8F300F12CCB /* Release */,
			);
			defaultConfigurationIsVisible = 0;
			defaultConfigurationName = Release;
		};
		3D8565972A35C8F300F12CCB /* Build configuration list for PBXNativeTarget "MWeatherUp" */ = {
			isa = XCConfigurationList;
			buildConfigurations = (
				3D8565982A35C8F300F12CCB /* Debug */,
				3D8565992A35C8F300F12CCB /* Release */,
			);
			defaultConfigurationIsVisible = 0;
			defaultConfigurationName = Release;
		};
		3D85659A2A35C8F300F12CCB /* Build configuration list for PBXNativeTarget "MWeatherUpTests" */ = {
			isa = XCConfigurationList;
			buildConfigurations = (
				3D85659B2A35C8F300F12CCB /* Debug */,
				3D85659C2A35C8F300F12CCB /* Release */,
			);
			defaultConfigurationIsVisible = 0;
			defaultConfigurationName = Release;
		};
		3D85659D2A35C8F300F12CCB /* Build configuration list for PBXNativeTarget "MWeatherUpUITests" */ = {
			isa = XCConfigurationList;
			buildConfigurations = (
				3D85659E2A35C8F300F12CCB /* Debug */,
				3D85659F2A35C8F300F12CCB /* Release */,
			);
			defaultConfigurationIsVisible = 0;
			defaultConfigurationName = Release;
		};
/* End XCConfigurationList section */

/* Begin XCRemoteSwiftPackageReference section */
		3D0326542A362F610095A157 /* XCRemoteSwiftPackageReference "Kingfisher" */ = {
			isa = XCRemoteSwiftPackageReference;
			repositoryURL = "https://github.com/onevcat/Kingfisher.git";
			requirement = {
				kind = upToNextMajorVersion;
				minimumVersion = 7.0.0;
			};
		};
/* End XCRemoteSwiftPackageReference section */

/* Begin XCSwiftPackageProductDependency section */
		3D0326552A362F610095A157 /* Kingfisher */ = {
			isa = XCSwiftPackageProductDependency;
			package = 3D0326542A362F610095A157 /* XCRemoteSwiftPackageReference "Kingfisher" */;
			productName = Kingfisher;
		};
/* End XCSwiftPackageProductDependency section */
	};
	rootObject = 3D8565652A35C8F200F12CCB /* Project object */;
}
